
Microsoft Visual Studio Solution File, Format Version 12.00
# Visual Studio Version 17
VisualStudioVersion = 17.12.35728.132
MinimumVisualStudioVersion = 10.0.40219.1
Project("{FAE04EC0-301F-11D3-BF4B-00C04F79EFBC}") = "BiblioBDD", "BiblioBDD\BiblioBDD.csproj", "{44E31106-B9F5-4B42-81AB-C944F30CE780}"
EndProject
Project("{FAE04EC0-301F-11D3-BF4B-00C04F79EFBC}") = "BiblioSysteme", "BiblioSysteme\BiblioSysteme.csproj", "{B315015B-6B7A-4217-9D08-D531189AE3B9}"
EndProject
Project("{FAE04EC0-301F-11D3-BF4B-00C04F79EFBC}") = "Services", "Services\Services.csproj", "{F8BC9BA0-9C5B-4C71-AC48-2B256D3256F5}"
EndProject
Project("{FAE04EC0-301F-11D3-BF4B-00C04F79EFBC}") = "Interface", "Interface\Interface.csproj", "{EE8C9CE1-14FE-46DF-9D73-5B06CF67C042}"
EndProject
Global
	GlobalSection(SolutionConfigurationPlatforms) = preSolution
		Debug|Any CPU = Debug|Any CPU
		Release|Any CPU = Release|Any CPU
	EndGlobalSection
	GlobalSection(ProjectConfigurationPlatforms) = postSolution
		{44E31106-B9F5-4B42-81AB-C944F30CE780}.Debug|Any CPU.ActiveCfg = Debug|Any CPU
		{44E31106-B9F5-4B42-81AB-C944F30CE780}.Debug|Any CPU.Build.0 = Debug|Any CPU
		{44E31106-B9F5-4B42-81AB-C944F30CE780}.Release|Any CPU.ActiveCfg = Release|Any CPU
		{44E31106-B9F5-4B42-81AB-C944F30CE780}.Release|Any CPU.Build.0 = Release|Any CPU
		{B315015B-6B7A-4217-9D08-D531189AE3B9}.Debug|Any CPU.ActiveCfg = Debug|Any CPU
		{B315015B-6B7A-4217-9D08-D531189AE3B9}.Debug|Any CPU.Build.0 = Debug|Any CPU
		{B315015B-6B7A-4217-9D08-D531189AE3B9}.Release|Any CPU.ActiveCfg = Release|Any CPU
		{B315015B-6B7A-4217-9D08-D531189AE3B9}.Release|Any CPU.Build.0 = Release|Any CPU
		{F8BC9BA0-9C5B-4C71-AC48-2B256D3256F5}.Debug|Any CPU.ActiveCfg = Debug|Any CPU
		{F8BC9BA0-9C5B-4C71-AC48-2B256D3256F5}.Debug|Any CPU.Build.0 = Debug|Any CPU
		{F8BC9BA0-9C5B-4C71-AC48-2B256D3256F5}.Release|Any CPU.ActiveCfg = Release|Any CPU
		{F8BC9BA0-9C5B-4C71-AC48-2B256D3256F5}.Release|Any CPU.Build.0 = Release|Any CPU
		{EE8C9CE1-14FE-46DF-9D73-5B06CF67C042}.Debug|Any CPU.ActiveCfg = Debug|Any CPU
		{EE8C9CE1-14FE-46DF-9D73-5B06CF67C042}.Debug|Any CPU.Build.0 = Debug|Any CPU
		{EE8C9CE1-14FE-46DF-9D73-5B06CF67C042}.Release|Any CPU.ActiveCfg = Release|Any CPU
		{EE8C9CE1-14FE-46DF-9D73-5B06CF67C042}.Release|Any CPU.Build.0 = Release|Any CPU
	EndGlobalSection
	GlobalSection(SolutionProperties) = preSolution
		HideSolutionNode = FALSE
	EndGlobalSection
	GlobalSection(ExtensibilityGlobals) = postSolution
		SolutionGuid = {3A1A86E2-9769-4A00-805E-882CB1136B14}
	EndGlobalSection
EndGlobal
